
Microsoft Visual Studio Solution File, Format Version 12.00
# Visual Studio 14
VisualStudioVersion = 14.0.23107.0
MinimumVisualStudioVersion = 10.0.40219.1
Project("{FAE04EC0-301F-11D3-BF4B-00C04F79EFBC}") = "vilniuseventsAPI", "vilniuseventsAPI\vilniuseventsAPI.csproj", "{7A4D9B4F-57A0-4114-98A3-1E4560DEB9B5}"
EndProject
Project("{2150E333-8FDC-42A3-9474-1A3956D46DE8}") = "PublishScripts", "PublishScripts", "{77956206-0D5F-455A-B734-9CA85E02E461}"
EndProject
Project("{2150E333-8FDC-42A3-9474-1A3956D46DE8}") = "Scripts", "Scripts", "{50080B29-601B-400A-8A4A-F2200F697A46}"
	ProjectSection(SolutionItems) = preProject
		PublishScripts\Scripts\Deploy-AzureResourceGroup.ps1 = PublishScripts\Scripts\Deploy-AzureResourceGroup.ps1
	EndProjectSection
EndProject
Project("{2150E333-8FDC-42A3-9474-1A3956D46DE8}") = "Templates", "Templates", "{B587E155-840C-43CF-8023-3240E8C0645C}"
	ProjectSection(SolutionItems) = preProject
		PublishScripts\Templates\vilniuseventsAPI.json = PublishScripts\Templates\vilniuseventsAPI.json
		PublishScripts\Templates\vilniuseventsAPI.param.dev.json = PublishScripts\Templates\vilniuseventsAPI.param.dev.json
	EndProjectSection
EndProject
Global
	GlobalSection(SolutionConfigurationPlatforms) = preSolution
		Debug|Any CPU = Debug|Any CPU
		Release|Any CPU = Release|Any CPU
	EndGlobalSection
	GlobalSection(ProjectConfigurationPlatforms) = postSolution
		{7A4D9B4F-57A0-4114-98A3-1E4560DEB9B5}.Debug|Any CPU.ActiveCfg = Debug|Any CPU
		{7A4D9B4F-57A0-4114-98A3-1E4560DEB9B5}.Debug|Any CPU.Build.0 = Debug|Any CPU
		{7A4D9B4F-57A0-4114-98A3-1E4560DEB9B5}.Release|Any CPU.ActiveCfg = Release|Any CPU
		{7A4D9B4F-57A0-4114-98A3-1E4560DEB9B5}.Release|Any CPU.Build.0 = Release|Any CPU
	EndGlobalSection
	GlobalSection(SolutionProperties) = preSolution
		HideSolutionNode = FALSE
	EndGlobalSection
	GlobalSection(NestedProjects) = preSolution
		{50080B29-601B-400A-8A4A-F2200F697A46} = {77956206-0D5F-455A-B734-9CA85E02E461}
		{B587E155-840C-43CF-8023-3240E8C0645C} = {77956206-0D5F-455A-B734-9CA85E02E461}
	EndGlobalSection
EndGlobal
